
Microsoft Visual Studio Solution File, Format Version 12.00
# Visual Studio 15
VisualStudioVersion = 15.0.28307.1062
MinimumVisualStudioVersion = 10.0.40219.1
Project("{FAE04EC0-301F-11D3-BF4B-00C04F79EFBC}") = "Views", "Views\Views.csproj", "{51DADEDB-3654-4811-AD76-8B6406334003}"
EndProject
Global
	GlobalSection(SolutionConfigurationPlatforms) = preSolution
		Debug|Any CPU = Debug|Any CPU
		Release|Any CPU = Release|Any CPU
	EndGlobalSection
	GlobalSection(ProjectConfigurationPlatforms) = postSolution
		{51DADEDB-3654-4811-AD76-8B6406334003}.Debug|Any CPU.ActiveCfg = Debug|Any CPU
		{51DADEDB-3654-4811-AD76-8B6406334003}.Debug|Any CPU.Build.0 = Debug|Any CPU
		{51DADEDB-3654-4811-AD76-8B6406334003}.Release|Any CPU.ActiveCfg = Release|Any CPU
		{51DADEDB-3654-4811-AD76-8B6406334003}.Release|Any CPU.Build.0 = Release|Any CPU
	EndGlobalSection
	GlobalSection(SolutionProperties) = preSolution
		HideSolutionNode = FALSE
	EndGlobalSection
	GlobalSection(ExtensibilityGlobals) = postSolution
		SolutionGuid = {D22E52C1-D59C-4F74-B92E-5F4B6B8EE040}
	EndGlobalSection
EndGlobal
